// !$*UTF8*$!
{
	archiveVersion = 1;
	classes = {
	};
	objectVersion = 46;
	objects = {

/* Begin PBXBuildFile section */
		030494311CCC6105009A513B /* WBMenuViewController.swift in Sources */ = {isa = PBXBuildFile; fileRef = 0304942F1CCC6105009A513B /* WBMenuViewController.swift */; };
		030494341CCC8D5F009A513B /* WBPresentationController.swift in Sources */ = {isa = PBXBuildFile; fileRef = 030494331CCC8D5F009A513B /* WBPresentationController.swift */; };
		0304F6621CCB827200657D28 /* WBNavBarTitleView.swift in Sources */ = {isa = PBXBuildFile; fileRef = 0304F6611CCB827200657D28 /* WBNavBarTitleView.swift */; };
		0306E3761CD44B840021604C /* WBNetworkTool.swift in Sources */ = {isa = PBXBuildFile; fileRef = 0306E3751CD44B840021604C /* WBNetworkTool.swift */; };
		0307CFDC1CCFBB5700BD4E20 /* WBQRCodeCardViewController.swift in Sources */ = {isa = PBXBuildFile; fileRef = 0307CFDB1CCFBB5700BD4E20 /* WBQRCodeCardViewController.swift */; };
		030D4D7C1CCCAFF800027511 /* WBTransitioningDelegate.swift in Sources */ = {isa = PBXBuildFile; fileRef = 030D4D7B1CCCAFF800027511 /* WBTransitioningDelegate.swift */; };
		030D4D7F1CCCB29800027511 /* Constant.swift in Sources */ = {isa = PBXBuildFile; fileRef = 030D4D7E1CCCB29800027511 /* Constant.swift */; };
		030D4D821CCCB63400027511 /* WBQRcodeViewController.swift in Sources */ = {isa = PBXBuildFile; fileRef = 030D4D801CCCB63400027511 /* WBQRcodeViewController.swift */; };
		0310D29C1CDA1F36002D8124 /* WBStatus.swift in Sources */ = {isa = PBXBuildFile; fileRef = 0310D29B1CDA1F36002D8124 /* WBStatus.swift */; };
		0310D29E1CDA4402002D8124 /* WBUser.swift in Sources */ = {isa = PBXBuildFile; fileRef = 0310D29D1CDA4402002D8124 /* WBUser.swift */; };
		0316E95D1D2A39A90050ECE5 /* WBHomeRefreshView.xib in Resources */ = {isa = PBXBuildFile; fileRef = 0316E95C1D2A39A90050ECE5 /* WBHomeRefreshView.xib */; };
		0316E95F1D2A39D60050ECE5 /* WBHomeRefreshView.swift in Sources */ = {isa = PBXBuildFile; fileRef = 0316E95E1D2A39D60050ECE5 /* WBHomeRefreshView.swift */; };
		0316E9631D2A88C80050ECE5 /* WBHomePicCollection.swift in Sources */ = {isa = PBXBuildFile; fileRef = 0316E9621D2A88C80050ECE5 /* WBHomePicCollection.swift */; };
		031A58D01CCB4866002E228E /* WBLoginRegisterView.swift in Sources */ = {isa = PBXBuildFile; fileRef = 031A58CF1CCB4865002E228E /* WBLoginRegisterView.swift */; };
		031A58D21CCB4898002E228E /* WBLoginRegisterView.xib in Resources */ = {isa = PBXBuildFile; fileRef = 031A58D11CCB4898002E228E /* WBLoginRegisterView.xib */; };
		031A58D51CCB53F6002E228E /* UIBarButtonItem+Category.swift in Sources */ = {isa = PBXBuildFile; fileRef = 031A58D41CCB53F6002E228E /* UIBarButtonItem+Category.swift */; };
		031EB27B1D2945040029A46D /* WBHomeForwordCellBg.xib in Resources */ = {isa = PBXBuildFile; fileRef = 031EB27A1D2945040029A46D /* WBHomeForwordCellBg.xib */; };
		031EB27D1D29459B0029A46D /* WBHomeForwordCellBg.swift in Sources */ = {isa = PBXBuildFile; fileRef = 031EB27C1D29459B0029A46D /* WBHomeForwordCellBg.swift */; };
		032450861CD457E700B9C8E8 /* WBOAuthViewController.swift in Sources */ = {isa = PBXBuildFile; fileRef = 032450831CD457E700B9C8E8 /* WBOAuthViewController.swift */; };
		032450881CD4580300B9C8E8 /* WBOAuthAccount.swift in Sources */ = {isa = PBXBuildFile; fileRef = 032450871CD4580300B9C8E8 /* WBOAuthAccount.swift */; };
		033378991D28F92400703A42 /* WBHomePicCell.xib in Resources */ = {isa = PBXBuildFile; fileRef = 033378981D28F92400703A42 /* WBHomePicCell.xib */; };
		0333789B1D28F98D00703A42 /* WBHomePicCell.swift in Sources */ = {isa = PBXBuildFile; fileRef = 0333789A1D28F98D00703A42 /* WBHomePicCell.swift */; };
		0369C0C01D26712000151016 /* WBHomeStatusTableViewCell.swift in Sources */ = {isa = PBXBuildFile; fileRef = 0369C0BE1D26712000151016 /* WBHomeStatusTableViewCell.swift */; };
		0369C0C11D26712000151016 /* WBHomeStatusTableViewCell.xib in Resources */ = {isa = PBXBuildFile; fileRef = 0369C0BF1D26712000151016 /* WBHomeStatusTableViewCell.xib */; };
		039747D81CCA584F0059DF73 /* WBBaseViewController.swift in Sources */ = {isa = PBXBuildFile; fileRef = 039747D71CCA584F0059DF73 /* WBBaseViewController.swift */; };
		039F50471CCC9B1D0061AC81 /* WBAnimatedTransitioning.swift in Sources */ = {isa = PBXBuildFile; fileRef = 039F50461CCC9B1D0061AC81 /* WBAnimatedTransitioning.swift */; };
		03ADCDA51CCD075E00EA9118 /* Home.storyboard in Resources */ = {isa = PBXBuildFile; fileRef = 03ADCDA41CCD075E00EA9118 /* Home.storyboard */; };
		03C342BB1D26CA65003205D4 /* NSDate+Calculate.swift in Sources */ = {isa = PBXBuildFile; fileRef = 03C342BA1D26CA65003205D4 /* NSDate+Calculate.swift */; };
		03C85A4C1CD4A78500CC1FAA /* WBOAuthAccountTool.swift in Sources */ = {isa = PBXBuildFile; fileRef = 03C85A4B1CD4A78500CC1FAA /* WBOAuthAccountTool.swift */; };
		03C85A521CD4E7E800CC1FAA /* WBNewfeatureCollectionViewController.swift in Sources */ = {isa = PBXBuildFile; fileRef = 03C85A511CD4E7E800CC1FAA /* WBNewfeatureCollectionViewController.swift */; };
		03C85A541CD4E82D00CC1FAA /* WBNewfeatureCollectionViewCell.swift in Sources */ = {isa = PBXBuildFile; fileRef = 03C85A531CD4E82D00CC1FAA /* WBNewfeatureCollectionViewCell.swift */; };
		0B1D92791CC9C56F005671B0 /* WBNULLViewController.swift in Sources */ = {isa = PBXBuildFile; fileRef = 0B1D92781CC9C56F005671B0 /* WBNULLViewController.swift */; };
		0BAE81951CC85E1C002642DA /* AppDelegate.swift in Sources */ = {isa = PBXBuildFile; fileRef = 0BAE818A1CC85E1C002642DA /* AppDelegate.swift */; };
		0BAE81961CC85E1C002642DA /* Info.plist in Resources */ = {isa = PBXBuildFile; fileRef = 0BAE818B1CC85E1C002642DA /* Info.plist */; };
		0BAE819C1CC862AF002642DA /* WBTabBarViewController.swift in Sources */ = {isa = PBXBuildFile; fileRef = 0BAE819B1CC862AF002642DA /* WBTabBarViewController.swift */; };
		0BAE819E1CC86D86002642DA /* WBNavigationController.swift in Sources */ = {isa = PBXBuildFile; fileRef = 0BAE819D1CC86D86002642DA /* WBNavigationController.swift */; };
		0BAE81A01CC86E73002642DA /* WBHomeViewController.swift in Sources */ = {isa = PBXBuildFile; fileRef = 0BAE819F1CC86E73002642DA /* WBHomeViewController.swift */; };
		0BAE81A21CC86E97002642DA /* WBMessageViewController.swift in Sources */ = {isa = PBXBuildFile; fileRef = 0BAE81A11CC86E97002642DA /* WBMessageViewController.swift */; };
		0BAE81A41CC86EBF002642DA /* WBPlaygroundViewController.swift in Sources */ = {isa = PBXBuildFile; fileRef = 0BAE81A31CC86EBF002642DA /* WBPlaygroundViewController.swift */; };
		0BAE81A61CC86EC8002642DA /* WBProfileViewController.swift in Sources */ = {isa = PBXBuildFile; fileRef = 0BAE81A51CC86EC8002642DA /* WBProfileViewController.swift */; };
		0BAE81A91CC88EE7002642DA /* MainVCSettings.json in Resources */ = {isa = PBXBuildFile; fileRef = 0BAE81A81CC88EE7002642DA /* MainVCSettings.json */; };
		0BBF8F551CC71B17005209F4 /* Assets.xcassets in Resources */ = {isa = PBXBuildFile; fileRef = 0BBF8F541CC71B17005209F4 /* Assets.xcassets */; };
		0BBF8F631CC71B18005209F4 /* SwiftCSWBTests.swift in Sources */ = {isa = PBXBuildFile; fileRef = 0BBF8F621CC71B18005209F4 /* SwiftCSWBTests.swift */; };
		0BBF8F6E1CC71B18005209F4 /* SwiftCSWBUITests.swift in Sources */ = {isa = PBXBuildFile; fileRef = 0BBF8F6D1CC71B18005209F4 /* SwiftCSWBUITests.swift */; };
		89B6661B4D7F41B1C3AB927A /* Pods.framework in Frameworks */ = {isa = PBXBuildFile; fileRef = CFF4A205CC612AEFCC1E1641 /* Pods.framework */; };
/* End PBXBuildFile section */

/* Begin PBXContainerItemProxy section */
		0BBF8F5F1CC71B18005209F4 /* PBXContainerItemProxy */ = {
			isa = PBXContainerItemProxy;
			containerPortal = 0BBF8F421CC71B17005209F4 /* Project object */;
			proxyType = 1;
			remoteGlobalIDString = 0BBF8F491CC71B17005209F4;
			remoteInfo = SwiftCSWB;
		};
		0BBF8F6A1CC71B18005209F4 /* PBXContainerItemProxy */ = {
			isa = PBXContainerItemProxy;
			containerPortal = 0BBF8F421CC71B17005209F4 /* Project object */;
			proxyType = 1;
			remoteGlobalIDString = 0BBF8F491CC71B17005209F4;
			remoteInfo = SwiftCSWB;
		};
/* End PBXContainerItemProxy section */

/* Begin PBXFileReference section */
		0304942F1CCC6105009A513B /* WBMenuViewController.swift */ = {isa = PBXFileReference; fileEncoding = 4; lastKnownFileType = sourcecode.swift; path = WBMenuViewController.swift; sourceTree = "<group>"; };
		030494331CCC8D5F009A513B /* WBPresentationController.swift */ = {isa = PBXFileReference; fileEncoding = 4; lastKnownFileType = sourcecode.swift; path = WBPresentationController.swift; sourceTree = "<group>"; };
		0304F6611CCB827200657D28 /* WBNavBarTitleView.swift */ = {isa = PBXFileReference; fileEncoding = 4; lastKnownFileType = sourcecode.swift; path = WBNavBarTitleView.swift; sourceTree = "<group>"; };
		0306E3751CD44B840021604C /* WBNetworkTool.swift */ = {isa = PBXFileReference; fileEncoding = 4; lastKnownFileType = sourcecode.swift; path = WBNetworkTool.swift; sourceTree = "<group>"; };
		0307CFDB1CCFBB5700BD4E20 /* WBQRCodeCardViewController.swift */ = {isa = PBXFileReference; fileEncoding = 4; lastKnownFileType = sourcecode.swift; path = WBQRCodeCardViewController.swift; sourceTree = "<group>"; };
		030D4D7B1CCCAFF800027511 /* WBTransitioningDelegate.swift */ = {isa = PBXFileReference; fileEncoding = 4; lastKnownFileType = sourcecode.swift; path = WBTransitioningDelegate.swift; sourceTree = "<group>"; };
		030D4D7E1CCCB29800027511 /* Constant.swift */ = {isa = PBXFileReference; fileEncoding = 4; lastKnownFileType = sourcecode.swift; path = Constant.swift; sourceTree = "<group>"; };
		030D4D801CCCB63400027511 /* WBQRcodeViewController.swift */ = {isa = PBXFileReference; fileEncoding = 4; lastKnownFileType = sourcecode.swift; path = WBQRcodeViewController.swift; sourceTree = "<group>"; };
		0310D29B1CDA1F36002D8124 /* WBStatus.swift */ = {isa = PBXFileReference; fileEncoding = 4; lastKnownFileType = sourcecode.swift; path = WBStatus.swift; sourceTree = "<group>"; };
		0310D29D1CDA4402002D8124 /* WBUser.swift */ = {isa = PBXFileReference; fileEncoding = 4; lastKnownFileType = sourcecode.swift; path = WBUser.swift; sourceTree = "<group>"; };
		0316E95C1D2A39A90050ECE5 /* WBHomeRefreshView.xib */ = {isa = PBXFileReference; fileEncoding = 4; lastKnownFileType = file.xib; path = WBHomeRefreshView.xib; sourceTree = "<group>"; };
		0316E95E1D2A39D60050ECE5 /* WBHomeRefreshView.swift */ = {isa = PBXFileReference; fileEncoding = 4; lastKnownFileType = sourcecode.swift; path = WBHomeRefreshView.swift; sourceTree = "<group>"; };
		0316E9621D2A88C80050ECE5 /* WBHomePicCollection.swift */ = {isa = PBXFileReference; fileEncoding = 4; lastKnownFileType = sourcecode.swift; path = WBHomePicCollection.swift; sourceTree = "<group>"; };
		031A58CF1CCB4865002E228E /* WBLoginRegisterView.swift */ = {isa = PBXFileReference; fileEncoding = 4; lastKnownFileType = sourcecode.swift; path = WBLoginRegisterView.swift; sourceTree = "<group>"; };
		031A58D11CCB4898002E228E /* WBLoginRegisterView.xib */ = {isa = PBXFileReference; fileEncoding = 4; lastKnownFileType = file.xib; path = WBLoginRegisterView.xib; sourceTree = "<group>"; };
		031A58D41CCB53F6002E228E /* UIBarButtonItem+Category.swift */ = {isa = PBXFileReference; fileEncoding = 4; lastKnownFileType = sourcecode.swift; path = "UIBarButtonItem+Category.swift"; sourceTree = "<group>"; };
		031EB27A1D2945040029A46D /* WBHomeForwordCellBg.xib */ = {isa = PBXFileReference; fileEncoding = 4; lastKnownFileType = file.xib; path = WBHomeForwordCellBg.xib; sourceTree = "<group>"; };
		031EB27C1D29459B0029A46D /* WBHomeForwordCellBg.swift */ = {isa = PBXFileReference; fileEncoding = 4; lastKnownFileType = sourcecode.swift; path = WBHomeForwordCellBg.swift; sourceTree = "<group>"; };
		032450831CD457E700B9C8E8 /* WBOAuthViewController.swift */ = {isa = PBXFileReference; fileEncoding = 4; lastKnownFileType = sourcecode.swift; path = WBOAuthViewController.swift; sourceTree = "<group>"; };
		032450871CD4580300B9C8E8 /* WBOAuthAccount.swift */ = {isa = PBXFileReference; fileEncoding = 4; lastKnownFileType = sourcecode.swift; path = WBOAuthAccount.swift; sourceTree = "<group>"; };
		033378981D28F92400703A42 /* WBHomePicCell.xib */ = {isa = PBXFileReference; fileEncoding = 4; lastKnownFileType = file.xib; path = WBHomePicCell.xib; sourceTree = "<group>"; };
		0333789A1D28F98D00703A42 /* WBHomePicCell.swift */ = {isa = PBXFileReference; fileEncoding = 4; lastKnownFileType = sourcecode.swift; path = WBHomePicCell.swift; sourceTree = "<group>"; };
		0369C0BE1D26712000151016 /* WBHomeStatusTableViewCell.swift */ = {isa = PBXFileReference; fileEncoding = 4; lastKnownFileType = sourcecode.swift; path = WBHomeStatusTableViewCell.swift; sourceTree = "<group>"; };
		0369C0BF1D26712000151016 /* WBHomeStatusTableViewCell.xib */ = {isa = PBXFileReference; fileEncoding = 4; lastKnownFileType = file.xib; path = WBHomeStatusTableViewCell.xib; sourceTree = "<group>"; };
		039747D71CCA584F0059DF73 /* WBBaseViewController.swift */ = {isa = PBXFileReference; fileEncoding = 4; lastKnownFileType = sourcecode.swift; path = WBBaseViewController.swift; sourceTree = "<group>"; };
		039F50461CCC9B1D0061AC81 /* WBAnimatedTransitioning.swift */ = {isa = PBXFileReference; fileEncoding = 4; lastKnownFileType = sourcecode.swift; path = WBAnimatedTransitioning.swift; sourceTree = "<group>"; };
		03ADCDA41CCD075E00EA9118 /* Home.storyboard */ = {isa = PBXFileReference; fileEncoding = 4; lastKnownFileType = file.storyboard; path = Home.storyboard; sourceTree = "<group>"; };
		03C342BA1D26CA65003205D4 /* NSDate+Calculate.swift */ = {isa = PBXFileReference; fileEncoding = 4; lastKnownFileType = sourcecode.swift; path = "NSDate+Calculate.swift"; sourceTree = "<group>"; };
		03C85A4B1CD4A78500CC1FAA /* WBOAuthAccountTool.swift */ = {isa = PBXFileReference; fileEncoding = 4; lastKnownFileType = sourcecode.swift; path = WBOAuthAccountTool.swift; sourceTree = "<group>"; };
		03C85A511CD4E7E800CC1FAA /* WBNewfeatureCollectionViewController.swift */ = {isa = PBXFileReference; fileEncoding = 4; lastKnownFileType = sourcecode.swift; path = WBNewfeatureCollectionViewController.swift; sourceTree = "<group>"; };
		03C85A531CD4E82D00CC1FAA /* WBNewfeatureCollectionViewCell.swift */ = {isa = PBXFileReference; fileEncoding = 4; lastKnownFileType = sourcecode.swift; path = WBNewfeatureCollectionViewCell.swift; sourceTree = "<group>"; };
		0B1D92781CC9C56F005671B0 /* WBNULLViewController.swift */ = {isa = PBXFileReference; fileEncoding = 4; lastKnownFileType = sourcecode.swift; path = WBNULLViewController.swift; sourceTree = "<group>"; };
		0BAE818A1CC85E1C002642DA /* AppDelegate.swift */ = {isa = PBXFileReference; fileEncoding = 4; lastKnownFileType = sourcecode.swift; path = AppDelegate.swift; sourceTree = "<group>"; };
		0BAE818B1CC85E1C002642DA /* Info.plist */ = {isa = PBXFileReference; fileEncoding = 4; lastKnownFileType = text.plist.xml; path = Info.plist; sourceTree = "<group>"; };
		0BAE819B1CC862AF002642DA /* WBTabBarViewController.swift */ = {isa = PBXFileReference; fileEncoding = 4; lastKnownFileType = sourcecode.swift; path = WBTabBarViewController.swift; sourceTree = "<group>"; };
		0BAE819D1CC86D86002642DA /* WBNavigationController.swift */ = {isa = PBXFileReference; fileEncoding = 4; lastKnownFileType = sourcecode.swift; path = WBNavigationController.swift; sourceTree = "<group>"; };
		0BAE819F1CC86E73002642DA /* WBHomeViewController.swift */ = {isa = PBXFileReference; fileEncoding = 4; lastKnownFileType = sourcecode.swift; path = WBHomeViewController.swift; sourceTree = "<group>"; };
		0BAE81A11CC86E97002642DA /* WBMessageViewController.swift */ = {isa = PBXFileReference; fileEncoding = 4; lastKnownFileType = sourcecode.swift; path = WBMessageViewController.swift; sourceTree = "<group>"; };
		0BAE81A31CC86EBF002642DA /* WBPlaygroundViewController.swift */ = {isa = PBXFileReference; fileEncoding = 4; lastKnownFileType = sourcecode.swift; path = WBPlaygroundViewController.swift; sourceTree = "<group>"; };
		0BAE81A51CC86EC8002642DA /* WBProfileViewController.swift */ = {isa = PBXFileReference; fileEncoding = 4; lastKnownFileType = sourcecode.swift; path = WBProfileViewController.swift; sourceTree = "<group>"; };
		0BAE81A81CC88EE7002642DA /* MainVCSettings.json */ = {isa = PBXFileReference; fileEncoding = 4; lastKnownFileType = text.json; path = MainVCSettings.json; sourceTree = "<group>"; };
		0BBF8F4A1CC71B17005209F4 /* SwiftCSWB.app */ = {isa = PBXFileReference; explicitFileType = wrapper.application; includeInIndex = 0; path = SwiftCSWB.app; sourceTree = BUILT_PRODUCTS_DIR; };
		0BBF8F541CC71B17005209F4 /* Assets.xcassets */ = {isa = PBXFileReference; lastKnownFileType = folder.assetcatalog; path = Assets.xcassets; sourceTree = "<group>"; };
		0BBF8F5E1CC71B18005209F4 /* SwiftCSWBTests.xctest */ = {isa = PBXFileReference; explicitFileType = wrapper.cfbundle; includeInIndex = 0; path = SwiftCSWBTests.xctest; sourceTree = BUILT_PRODUCTS_DIR; };
		0BBF8F621CC71B18005209F4 /* SwiftCSWBTests.swift */ = {isa = PBXFileReference; lastKnownFileType = sourcecode.swift; path = SwiftCSWBTests.swift; sourceTree = "<group>"; };
		0BBF8F641CC71B18005209F4 /* Info.plist */ = {isa = PBXFileReference; lastKnownFileType = text.plist.xml; path = Info.plist; sourceTree = "<group>"; };
		0BBF8F691CC71B18005209F4 /* SwiftCSWBUITests.xctest */ = {isa = PBXFileReference; explicitFileType = wrapper.cfbundle; includeInIndex = 0; path = SwiftCSWBUITests.xctest; sourceTree = BUILT_PRODUCTS_DIR; };
		0BBF8F6D1CC71B18005209F4 /* SwiftCSWBUITests.swift */ = {isa = PBXFileReference; lastKnownFileType = sourcecode.swift; path = SwiftCSWBUITests.swift; sourceTree = "<group>"; };
		0BBF8F6F1CC71B18005209F4 /* Info.plist */ = {isa = PBXFileReference; lastKnownFileType = text.plist.xml; path = Info.plist; sourceTree = "<group>"; };
		A5A747AC572A9241EC055C87 /* Pods.release.xcconfig */ = {isa = PBXFileReference; includeInIndex = 1; lastKnownFileType = text.xcconfig; name = Pods.release.xcconfig; path = "Pods/Target Support Files/Pods/Pods.release.xcconfig"; sourceTree = "<group>"; };
		BFF78EA8BA2476807B86F064 /* Pods.debug.xcconfig */ = {isa = PBXFileReference; includeInIndex = 1; lastKnownFileType = text.xcconfig; name = Pods.debug.xcconfig; path = "Pods/Target Support Files/Pods/Pods.debug.xcconfig"; sourceTree = "<group>"; };
		CFF4A205CC612AEFCC1E1641 /* Pods.framework */ = {isa = PBXFileReference; explicitFileType = wrapper.framework; includeInIndex = 0; path = Pods.framework; sourceTree = BUILT_PRODUCTS_DIR; };
/* End PBXFileReference section */

/* Begin PBXFrameworksBuildPhase section */
		0BBF8F471CC71B17005209F4 /* Frameworks */ = {
			isa = PBXFrameworksBuildPhase;
			buildActionMask = 2147483647;
			files = (
				89B6661B4D7F41B1C3AB927A /* Pods.framework in Frameworks */,
			);
			runOnlyForDeploymentPostprocessing = 0;
		};
		0BBF8F5B1CC71B18005209F4 /* Frameworks */ = {
			isa = PBXFrameworksBuildPhase;
			buildActionMask = 2147483647;
			files = (
			);
			runOnlyForDeploymentPostprocessing = 0;
		};
		0BBF8F661CC71B18005209F4 /* Frameworks */ = {
			isa = PBXFrameworksBuildPhase;
			buildActionMask = 2147483647;
			files = (
			);
			runOnlyForDeploymentPostprocessing = 0;
		};
/* End PBXFrameworksBuildPhase section */

/* Begin PBXGroup section */
		0306E3721CD436F60021604C /* OAuth */ = {
			isa = PBXGroup;
			children = (
				032450821CD457E700B9C8E8 /* C */,
				032450841CD457E700B9C8E8 /* M */,
				032450851CD457E700B9C8E8 /* V */,
			);
			path = OAuth;
			sourceTree = "<group>";
		};
		030D4D7D1CCCB28400027511 /* Constant */ = {
			isa = PBXGroup;
			children = (
				030D4D7E1CCCB29800027511 /* Constant.swift */,
			);
			path = Constant;
			sourceTree = "<group>";
		};
		031A58D31CCB53CD002E228E /* Category */ = {
			isa = PBXGroup;
			children = (
				031A58D41CCB53F6002E228E /* UIBarButtonItem+Category.swift */,
				03C342BA1D26CA65003205D4 /* NSDate+Calculate.swift */,
			);
			path = Category;
			sourceTree = "<group>";
		};
		032450821CD457E700B9C8E8 /* C */ = {
			isa = PBXGroup;
			children = (
				032450831CD457E700B9C8E8 /* WBOAuthViewController.swift */,
			);
			path = C;
			sourceTree = "<group>";
		};
		032450841CD457E700B9C8E8 /* M */ = {
			isa = PBXGroup;
			children = (
				032450871CD4580300B9C8E8 /* WBOAuthAccount.swift */,
			);
			path = M;
			sourceTree = "<group>";
		};
		032450851CD457E700B9C8E8 /* V */ = {
			isa = PBXGroup;
			children = (
			);
			path = V;
			sourceTree = "<group>";
		};
		03ADCDA31CCD074B00EA9118 /* Storyboard */ = {
			isa = PBXGroup;
			children = (
				03ADCDA41CCD075E00EA9118 /* Home.storyboard */,
			);
			path = Storyboard;
			sourceTree = "<group>";
		};
		03C85A4D1CD4E7A100CC1FAA /* Newfeature */ = {
			isa = PBXGroup;
			children = (
				03C85A4E1CD4E7B300CC1FAA /* C */,
				03C85A4F1CD4E7B300CC1FAA /* M */,
				03C85A501CD4E7B300CC1FAA /* V */,
			);
			path = Newfeature;
			sourceTree = "<group>";
		};
		03C85A4E1CD4E7B300CC1FAA /* C */ = {
			isa = PBXGroup;
			children = (
				03C85A511CD4E7E800CC1FAA /* WBNewfeatureCollectionViewController.swift */,
			);
			path = C;
			sourceTree = "<group>";
		};
		03C85A4F1CD4E7B300CC1FAA /* M */ = {
			isa = PBXGroup;
			children = (
			);
			path = M;
			sourceTree = "<group>";
		};
		03C85A501CD4E7B300CC1FAA /* V */ = {
			isa = PBXGroup;
			children = (
				03C85A531CD4E82D00CC1FAA /* WBNewfeatureCollectionViewCell.swift */,
			);
			path = V;
			sourceTree = "<group>";
		};
		0BAE817C1CC85E1C002642DA /* Class */ = {
			isa = PBXGroup;
			children = (
				03C85A4D1CD4E7A100CC1FAA /* Newfeature */,
				0306E3721CD436F60021604C /* OAuth */,
				030D4D7D1CCCB28400027511 /* Constant */,
				0BAE81971CC8627C002642DA /* Main */,
				0BAE81811CC85E1C002642DA /* Home */,
				0BAE81851CC85E1C002642DA /* Message */,
				0BAE818C1CC85E1C002642DA /* Playground */,
				0BAE81901CC85E1C002642DA /* Profile */,
				0BAE817D1CC85E1C002642DA /* Common */,
				0BAE81891CC85E1C002642DA /* Other */,
				0BAE81941CC85E1C002642DA /* Tool */,
			);
			path = Class;
			sourceTree = "<group>";
		};
		0BAE817D1CC85E1C002642DA /* Common */ = {
			isa = PBXGroup;
			children = (
				031A58D31CCB53CD002E228E /* Category */,
				0BAE817E1CC85E1C002642DA /* C */,
				0BAE817F1CC85E1C002642DA /* M */,
				0BAE81801CC85E1C002642DA /* V */,
			);
			path = Common;
			sourceTree = "<group>";
		};
		0BAE817E1CC85E1C002642DA /* C */ = {
			isa = PBXGroup;
			children = (
			);
			path = C;
			sourceTree = "<group>";
		};
		0BAE817F1CC85E1C002642DA /* M */ = {
			isa = PBXGroup;
			children = (
			);
			path = M;
			sourceTree = "<group>";
		};
		0BAE81801CC85E1C002642DA /* V */ = {
			isa = PBXGroup;
			children = (
			);
			path = V;
			sourceTree = "<group>";
		};
		0BAE81811CC85E1C002642DA /* Home */ = {
			isa = PBXGroup;
			children = (
				0BAE81821CC85E1C002642DA /* C */,
				0BAE81831CC85E1C002642DA /* M */,
				0BAE81841CC85E1C002642DA /* V */,
			);
			path = Home;
			sourceTree = "<group>";
		};
		0BAE81821CC85E1C002642DA /* C */ = {
			isa = PBXGroup;
			children = (
				0BAE819F1CC86E73002642DA /* WBHomeViewController.swift */,
				030494331CCC8D5F009A513B /* WBPresentationController.swift */,
				039F50461CCC9B1D0061AC81 /* WBAnimatedTransitioning.swift */,
				030D4D7B1CCCAFF800027511 /* WBTransitioningDelegate.swift */,
				030D4D801CCCB63400027511 /* WBQRcodeViewController.swift */,
				0307CFDB1CCFBB5700BD4E20 /* WBQRCodeCardViewController.swift */,
			);
			path = C;
			sourceTree = "<group>";
		};
		0BAE81831CC85E1C002642DA /* M */ = {
			isa = PBXGroup;
			children = (
				0310D29B1CDA1F36002D8124 /* WBStatus.swift */,
				0310D29D1CDA4402002D8124 /* WBUser.swift */,
			);
			path = M;
			sourceTree = "<group>";
		};
		0BAE81841CC85E1C002642DA /* V */ = {
			isa = PBXGroup;
			children = (
				0304F6611CCB827200657D28 /* WBNavBarTitleView.swift */,
				0304942F1CCC6105009A513B /* WBMenuViewController.swift */,
				0369C0BE1D26712000151016 /* WBHomeStatusTableViewCell.swift */,
				0369C0BF1D26712000151016 /* WBHomeStatusTableViewCell.xib */,
				0316E9621D2A88C80050ECE5 /* WBHomePicCollection.swift */,
				0333789A1D28F98D00703A42 /* WBHomePicCell.swift */,
				033378981D28F92400703A42 /* WBHomePicCell.xib */,
				031EB27A1D2945040029A46D /* WBHomeForwordCellBg.xib */,
				031EB27C1D29459B0029A46D /* WBHomeForwordCellBg.swift */,
				0316E95C1D2A39A90050ECE5 /* WBHomeRefreshView.xib */,
				0316E95E1D2A39D60050ECE5 /* WBHomeRefreshView.swift */,
			);
			path = V;
			sourceTree = "<group>";
		};
		0BAE81851CC85E1C002642DA /* Message */ = {
			isa = PBXGroup;
			children = (
				0BAE81861CC85E1C002642DA /* C */,
				0BAE81871CC85E1C002642DA /* M */,
				0BAE81881CC85E1C002642DA /* V */,
			);
			path = Message;
			sourceTree = "<group>";
		};
		0BAE81861CC85E1C002642DA /* C */ = {
			isa = PBXGroup;
			children = (
				0BAE81A11CC86E97002642DA /* WBMessageViewController.swift */,
			);
			path = C;
			sourceTree = "<group>";
		};
		0BAE81871CC85E1C002642DA /* M */ = {
			isa = PBXGroup;
			children = (
			);
			path = M;
			sourceTree = "<group>";
		};
		0BAE81881CC85E1C002642DA /* V */ = {
			isa = PBXGroup;
			children = (
			);
			path = V;
			sourceTree = "<group>";
		};
		0BAE81891CC85E1C002642DA /* Other */ = {
			isa = PBXGroup;
			children = (
				0BAE818A1CC85E1C002642DA /* AppDelegate.swift */,
				0BAE818B1CC85E1C002642DA /* Info.plist */,
			);
			path = Other;
			sourceTree = "<group>";
		};
		0BAE818C1CC85E1C002642DA /* Playground */ = {
			isa = PBXGroup;
			children = (
				0BAE818D1CC85E1C002642DA /* C */,
				0BAE818E1CC85E1C002642DA /* M */,
				0BAE818F1CC85E1C002642DA /* V */,
			);
			path = Playground;
			sourceTree = "<group>";
		};
		0BAE818D1CC85E1C002642DA /* C */ = {
			isa = PBXGroup;
			children = (
				0BAE81A31CC86EBF002642DA /* WBPlaygroundViewController.swift */,
			);
			path = C;
			sourceTree = "<group>";
		};
		0BAE818E1CC85E1C002642DA /* M */ = {
			isa = PBXGroup;
			children = (
			);
			path = M;
			sourceTree = "<group>";
		};
		0BAE818F1CC85E1C002642DA /* V */ = {
			isa = PBXGroup;
			children = (
			);
			path = V;
			sourceTree = "<group>";
		};
		0BAE81901CC85E1C002642DA /* Profile */ = {
			isa = PBXGroup;
			children = (
				0BAE81911CC85E1C002642DA /* C */,
				0BAE81921CC85E1C002642DA /* M */,
				0BAE81931CC85E1C002642DA /* V */,
			);
			path = Profile;
			sourceTree = "<group>";
		};
		0BAE81911CC85E1C002642DA /* C */ = {
			isa = PBXGroup;
			children = (
				0BAE81A51CC86EC8002642DA /* WBProfileViewController.swift */,
			);
			path = C;
			sourceTree = "<group>";
		};
		0BAE81921CC85E1C002642DA /* M */ = {
			isa = PBXGroup;
			children = (
			);
			path = M;
			sourceTree = "<group>";
		};
		0BAE81931CC85E1C002642DA /* V */ = {
			isa = PBXGroup;
			children = (
			);
			path = V;
			sourceTree = "<group>";
		};
		0BAE81941CC85E1C002642DA /* Tool */ = {
			isa = PBXGroup;
			children = (
				0306E3751CD44B840021604C /* WBNetworkTool.swift */,
				03C85A4B1CD4A78500CC1FAA /* WBOAuthAccountTool.swift */,
			);
			path = Tool;
			sourceTree = "<group>";
		};
		0BAE81971CC8627C002642DA /* Main */ = {
			isa = PBXGroup;
			children = (
				0BAE81981CC8627C002642DA /* C */,
				0BAE81991CC8627C002642DA /* M */,
				0BAE819A1CC8627C002642DA /* V */,
			);
			path = Main;
			sourceTree = "<group>";
		};
		0BAE81981CC8627C002642DA /* C */ = {
			isa = PBXGroup;
			children = (
				0BAE819B1CC862AF002642DA /* WBTabBarViewController.swift */,
				0BAE819D1CC86D86002642DA /* WBNavigationController.swift */,
				0B1D92781CC9C56F005671B0 /* WBNULLViewController.swift */,
				039747D71CCA584F0059DF73 /* WBBaseViewController.swift */,
			);
			path = C;
			sourceTree = "<group>";
		};
		0BAE81991CC8627C002642DA /* M */ = {
			isa = PBXGroup;
			children = (
			);
			path = M;
			sourceTree = "<group>";
		};
		0BAE819A1CC8627C002642DA /* V */ = {
			isa = PBXGroup;
			children = (
				031A58CF1CCB4865002E228E /* WBLoginRegisterView.swift */,
				031A58D11CCB4898002E228E /* WBLoginRegisterView.xib */,
			);
			path = V;
			sourceTree = "<group>";
		};
		0BAE81A71CC88EE7002642DA /* Resource */ = {
			isa = PBXGroup;
			children = (
				0BAE81A81CC88EE7002642DA /* MainVCSettings.json */,
			);
			path = Resource;
			sourceTree = "<group>";
		};
		0BBF8F411CC71B17005209F4 = {
			isa = PBXGroup;
			children = (
				0BBF8F4C1CC71B17005209F4 /* SwiftCSWB */,
				0BBF8F611CC71B18005209F4 /* SwiftCSWBTests */,
				0BBF8F6C1CC71B18005209F4 /* SwiftCSWBUITests */,
				0BBF8F4B1CC71B17005209F4 /* Products */,
				A99C0AED827AD2F7D7DD0052 /* Pods */,
				67A9B1649850D33E7E262B20 /* Frameworks */,
			);
			sourceTree = "<group>";
		};
		0BBF8F4B1CC71B17005209F4 /* Products */ = {
			isa = PBXGroup;
			children = (
				0BBF8F4A1CC71B17005209F4 /* SwiftCSWB.app */,
				0BBF8F5E1CC71B18005209F4 /* SwiftCSWBTests.xctest */,
				0BBF8F691CC71B18005209F4 /* SwiftCSWBUITests.xctest */,
			);
			name = Products;
			sourceTree = "<group>";
		};
		0BBF8F4C1CC71B17005209F4 /* SwiftCSWB */ = {
			isa = PBXGroup;
			children = (
				0BAE81A71CC88EE7002642DA /* Resource */,
				0BAE817C1CC85E1C002642DA /* Class */,
				03ADCDA31CCD074B00EA9118 /* Storyboard */,
				0BBF8F541CC71B17005209F4 /* Assets.xcassets */,
			);
			path = SwiftCSWB;
			sourceTree = "<group>";
		};
		0BBF8F611CC71B18005209F4 /* SwiftCSWBTests */ = {
			isa = PBXGroup;
			children = (
				0BBF8F621CC71B18005209F4 /* SwiftCSWBTests.swift */,
				0BBF8F641CC71B18005209F4 /* Info.plist */,
			);
			path = SwiftCSWBTests;
			sourceTree = "<group>";
		};
		0BBF8F6C1CC71B18005209F4 /* SwiftCSWBUITests */ = {
			isa = PBXGroup;
			children = (
				0BBF8F6D1CC71B18005209F4 /* SwiftCSWBUITests.swift */,
				0BBF8F6F1CC71B18005209F4 /* Info.plist */,
			);
			path = SwiftCSWBUITests;
			sourceTree = "<group>";
		};
		67A9B1649850D33E7E262B20 /* Frameworks */ = {
			isa = PBXGroup;
			children = (
				CFF4A205CC612AEFCC1E1641 /* Pods.framework */,
			);
			name = Frameworks;
			sourceTree = "<group>";
		};
		A99C0AED827AD2F7D7DD0052 /* Pods */ = {
			isa = PBXGroup;
			children = (
				BFF78EA8BA2476807B86F064 /* Pods.debug.xcconfig */,
				A5A747AC572A9241EC055C87 /* Pods.release.xcconfig */,
			);
			name = Pods;
			sourceTree = "<group>";
		};
/* End PBXGroup section */

/* Begin PBXNativeTarget section */
		0BBF8F491CC71B17005209F4 /* SwiftCSWB */ = {
			isa = PBXNativeTarget;
			buildConfigurationList = 0BBF8F721CC71B18005209F4 /* Build configuration list for PBXNativeTarget "SwiftCSWB" */;
			buildPhases = (
				1B6513C18D81A35AE95366A9 /* Check Pods Manifest.lock */,
				0BBF8F461CC71B17005209F4 /* Sources */,
				0BBF8F471CC71B17005209F4 /* Frameworks */,
				0BBF8F481CC71B17005209F4 /* Resources */,
				7B96BF9D23F105C67059AB35 /* Embed Pods Frameworks */,
				076039EC11AC931816295C6A /* Copy Pods Resources */,
			);
			buildRules = (
			);
			dependencies = (
			);
			name = SwiftCSWB;
			productName = SwiftCSWB;
			productReference = 0BBF8F4A1CC71B17005209F4 /* SwiftCSWB.app */;
			productType = "com.apple.product-type.application";
		};
		0BBF8F5D1CC71B18005209F4 /* SwiftCSWBTests */ = {
			isa = PBXNativeTarget;
			buildConfigurationList = 0BBF8F751CC71B18005209F4 /* Build configuration list for PBXNativeTarget "SwiftCSWBTests" */;
			buildPhases = (
				0BBF8F5A1CC71B18005209F4 /* Sources */,
				0BBF8F5B1CC71B18005209F4 /* Frameworks */,
				0BBF8F5C1CC71B18005209F4 /* Resources */,
			);
			buildRules = (
			);
			dependencies = (
				0BBF8F601CC71B18005209F4 /* PBXTargetDependency */,
			);
			name = SwiftCSWBTests;
			productName = SwiftCSWBTests;
			productReference = 0BBF8F5E1CC71B18005209F4 /* SwiftCSWBTests.xctest */;
			productType = "com.apple.product-type.bundle.unit-test";
		};
		0BBF8F681CC71B18005209F4 /* SwiftCSWBUITests */ = {
			isa = PBXNativeTarget;
			buildConfigurationList = 0BBF8F781CC71B18005209F4 /* Build configuration list for PBXNativeTarget "SwiftCSWBUITests" */;
			buildPhases = (
				0BBF8F651CC71B18005209F4 /* Sources */,
				0BBF8F661CC71B18005209F4 /* Frameworks */,
				0BBF8F671CC71B18005209F4 /* Resources */,
			);
			buildRules = (
			);
			dependencies = (
				0BBF8F6B1CC71B18005209F4 /* PBXTargetDependency */,
			);
			name = SwiftCSWBUITests;
			productName = SwiftCSWBUITests;
			productReference = 0BBF8F691CC71B18005209F4 /* SwiftCSWBUITests.xctest */;
			productType = "com.apple.product-type.bundle.ui-testing";
		};
/* End PBXNativeTarget section */

/* Begin PBXProject section */
		0BBF8F421CC71B17005209F4 /* Project object */ = {
			isa = PBXProject;
			attributes = {
				CLASSPREFIX = WB;
				LastSwiftUpdateCheck = 0730;
				LastUpgradeCheck = 0730;
				ORGANIZATIONNAME = Apple;
				TargetAttributes = {
					0BBF8F491CC71B17005209F4 = {
						CreatedOnToolsVersion = 7.3;
						DevelopmentTeam = 8RSWW685EX;
					};
					0BBF8F5D1CC71B18005209F4 = {
						CreatedOnToolsVersion = 7.3;
						TestTargetID = 0BBF8F491CC71B17005209F4;
					};
					0BBF8F681CC71B18005209F4 = {
						CreatedOnToolsVersion = 7.3;
						TestTargetID = 0BBF8F491CC71B17005209F4;
					};
				};
			};
			buildConfigurationList = 0BBF8F451CC71B17005209F4 /* Build configuration list for PBXProject "SwiftCSWB" */;
			compatibilityVersion = "Xcode 3.2";
			developmentRegion = English;
			hasScannedForEncodings = 0;
			knownRegions = (
				en,
				Base,
			);
			mainGroup = 0BBF8F411CC71B17005209F4;
			productRefGroup = 0BBF8F4B1CC71B17005209F4 /* Products */;
			projectDirPath = "";
			projectRoot = "";
			targets = (
				0BBF8F491CC71B17005209F4 /* SwiftCSWB */,
				0BBF8F5D1CC71B18005209F4 /* SwiftCSWBTests */,
				0BBF8F681CC71B18005209F4 /* SwiftCSWBUITests */,
			);
		};
/* End PBXProject section */

/* Begin PBXResourcesBuildPhase section */
		0BBF8F481CC71B17005209F4 /* Resources */ = {
			isa = PBXResourcesBuildPhase;
			buildActionMask = 2147483647;
			files = (
				0316E95D1D2A39A90050ECE5 /* WBHomeRefreshView.xib in Resources */,
				03ADCDA51CCD075E00EA9118 /* Home.storyboard in Resources */,
				0BBF8F551CC71B17005209F4 /* Assets.xcassets in Resources */,
				0BAE81961CC85E1C002642DA /* Info.plist in Resources */,
				031EB27B1D2945040029A46D /* WBHomeForwordCellBg.xib in Resources */,
				031A58D21CCB4898002E228E /* WBLoginRegisterView.xib in Resources */,
				0BAE81A91CC88EE7002642DA /* MainVCSettings.json in Resources */,
				033378991D28F92400703A42 /* WBHomePicCell.xib in Resources */,
				0369C0C11D26712000151016 /* WBHomeStatusTableViewCell.xib in Resources */,
			);
			runOnlyForDeploymentPostprocessing = 0;
		};
		0BBF8F5C1CC71B18005209F4 /* Resources */ = {
			isa = PBXResourcesBuildPhase;
			buildActionMask = 2147483647;
			files = (
			);
			runOnlyForDeploymentPostprocessing = 0;
		};
		0BBF8F671CC71B18005209F4 /* Resources */ = {
			isa = PBXResourcesBuildPhase;
			buildActionMask = 2147483647;
			files = (
			);
			runOnlyForDeploymentPostprocessing = 0;
		};
/* End PBXResourcesBuildPhase section */

/* Begin PBXShellScriptBuildPhase section */
		076039EC11AC931816295C6A /* Copy Pods Resources */ = {
			isa = PBXShellScriptBuildPhase;
			buildActionMask = 2147483647;
			files = (
			);
			inputPaths = (
			);
			name = "Copy Pods Resources";
			outputPaths = (
			);
			runOnlyForDeploymentPostprocessing = 0;
			shellPath = /bin/sh;
			shellScript = "\"${SRCROOT}/Pods/Target Support Files/Pods/Pods-resources.sh\"\n";
			showEnvVarsInLog = 0;
		};
		1B6513C18D81A35AE95366A9 /* Check Pods Manifest.lock */ = {
			isa = PBXShellScriptBuildPhase;
			buildActionMask = 2147483647;
			files = (
			);
			inputPaths = (
			);
			name = "Check Pods Manifest.lock";
			outputPaths = (
			);
			runOnlyForDeploymentPostprocessing = 0;
			shellPath = /bin/sh;
			shellScript = "diff \"${PODS_ROOT}/../Podfile.lock\" \"${PODS_ROOT}/Manifest.lock\" > /dev/null\nif [[ $? != 0 ]] ; then\n    cat << EOM\nerror: The sandbox is not in sync with the Podfile.lock. Run 'pod install' or update your CocoaPods installation.\nEOM\n    exit 1\nfi\n";
			showEnvVarsInLog = 0;
		};
		7B96BF9D23F105C67059AB35 /* Embed Pods Frameworks */ = {
			isa = PBXShellScriptBuildPhase;
			buildActionMask = 2147483647;
			files = (
			);
			inputPaths = (
			);
			name = "Embed Pods Frameworks";
			outputPaths = (
			);
			runOnlyForDeploymentPostprocessing = 0;
			shellPath = /bin/sh;
			shellScript = "\"${SRCROOT}/Pods/Target Support Files/Pods/Pods-frameworks.sh\"\n";
			showEnvVarsInLog = 0;
		};
/* End PBXShellScriptBuildPhase section */

/* Begin PBXSourcesBuildPhase section */
		0BBF8F461CC71B17005209F4 /* Sources */ = {
			isa = PBXSourcesBuildPhase;
			buildActionMask = 2147483647;
			files = (
				030494341CCC8D5F009A513B /* WBPresentationController.swift in Sources */,
				030D4D7F1CCCB29800027511 /* Constant.swift in Sources */,
				0B1D92791CC9C56F005671B0 /* WBNULLViewController.swift in Sources */,
				039747D81CCA584F0059DF73 /* WBBaseViewController.swift in Sources */,
				0304F6621CCB827200657D28 /* WBNavBarTitleView.swift in Sources */,
				0BAE81951CC85E1C002642DA /* AppDelegate.swift in Sources */,
				0310D29E1CDA4402002D8124 /* WBUser.swift in Sources */,
				030D4D7C1CCCAFF800027511 /* WBTransitioningDelegate.swift in Sources */,
				0BAE819C1CC862AF002642DA /* WBTabBarViewController.swift in Sources */,
				0BAE81A41CC86EBF002642DA /* WBPlaygroundViewController.swift in Sources */,
				0333789B1D28F98D00703A42 /* WBHomePicCell.swift in Sources */,
				030494311CCC6105009A513B /* WBMenuViewController.swift in Sources */,
				0369C0C01D26712000151016 /* WBHomeStatusTableViewCell.swift in Sources */,
				032450881CD4580300B9C8E8 /* WBOAuthAccount.swift in Sources */,
				031A58D51CCB53F6002E228E /* UIBarButtonItem+Category.swift in Sources */,
				031EB27D1D29459B0029A46D /* WBHomeForwordCellBg.swift in Sources */,
				039F50471CCC9B1D0061AC81 /* WBAnimatedTransitioning.swift in Sources */,
				0316E9631D2A88C80050ECE5 /* WBHomePicCollection.swift in Sources */,
				03C342BB1D26CA65003205D4 /* NSDate+Calculate.swift in Sources */,
				0BAE81A21CC86E97002642DA /* WBMessageViewController.swift in Sources */,
				03C85A541CD4E82D00CC1FAA /* WBNewfeatureCollectionViewCell.swift in Sources */,
				0307CFDC1CCFBB5700BD4E20 /* WBQRCodeCardViewController.swift in Sources */,
				03C85A521CD4E7E800CC1FAA /* WBNewfeatureCollectionViewController.swift in Sources */,
				031A58D01CCB4866002E228E /* WBLoginRegisterView.swift in Sources */,
				0BAE81A61CC86EC8002642DA /* WBProfileViewController.swift in Sources */,
				0BAE81A01CC86E73002642DA /* WBHomeViewController.swift in Sources */,
				0BAE819E1CC86D86002642DA /* WBNavigationController.swift in Sources */,
				03C85A4C1CD4A78500CC1FAA /* WBOAuthAccountTool.swift in Sources */,
				030D4D821CCCB63400027511 /* WBQRcodeViewController.swift in Sources */,
				0306E3761CD44B840021604C /* WBNetworkTool.swift in Sources */,
				0310D29C1CDA1F36002D8124 /* WBStatus.swift in Sources */,
				0316E95F1D2A39D60050ECE5 /* WBHomeRefreshView.swift in Sources */,
				032450861CD457E700B9C8E8 /* WBOAuthViewController.swift in Sources */,
			);
			runOnlyForDeploymentPostprocessing = 0;
		};
		0BBF8F5A1CC71B18005209F4 /* Sources */ = {
			isa = PBXSourcesBuildPhase;
			buildActionMask = 2147483647;
			files = (
				0BBF8F631CC71B18005209F4 /* SwiftCSWBTests.swift in Sources */,
			);
			runOnlyForDeploymentPostprocessing = 0;
		};
		0BBF8F651CC71B18005209F4 /* Sources */ = {
			isa = PBXSourcesBuildPhase;
			buildActionMask = 2147483647;
			files = (
				0BBF8F6E1CC71B18005209F4 /* SwiftCSWBUITests.swift in Sources */,
			);
			runOnlyForDeploymentPostprocessing = 0;
		};
/* End PBXSourcesBuildPhase section */

/* Begin PBXTargetDependency section */
		0BBF8F601CC71B18005209F4 /* PBXTargetDependency */ = {
			isa = PBXTargetDependency;
			target = 0BBF8F491CC71B17005209F4 /* SwiftCSWB */;
			targetProxy = 0BBF8F5F1CC71B18005209F4 /* PBXContainerItemProxy */;
		};
		0BBF8F6B1CC71B18005209F4 /* PBXTargetDependency */ = {
			isa = PBXTargetDependency;
			target = 0BBF8F491CC71B17005209F4 /* SwiftCSWB */;
			targetProxy = 0BBF8F6A1CC71B18005209F4 /* PBXContainerItemProxy */;
		};
/* End PBXTargetDependency section */

/* Begin XCBuildConfiguration section */
		0BBF8F701CC71B18005209F4 /* Debug */ = {
			isa = XCBuildConfiguration;
			buildSettings = {
				ALWAYS_SEARCH_USER_PATHS = NO;
				CLANG_ANALYZER_NONNULL = YES;
				CLANG_CXX_LANGUAGE_STANDARD = "gnu++0x";
				CLANG_CXX_LIBRARY = "libc++";
				CLANG_ENABLE_MODULES = YES;
				CLANG_ENABLE_OBJC_ARC = YES;
				CLANG_WARN_BOOL_CONVERSION = YES;
				CLANG_WARN_CONSTANT_CONVERSION = YES;
				CLANG_WARN_DIRECT_OBJC_ISA_USAGE = YES_ERROR;
				CLANG_WARN_EMPTY_BODY = YES;
				CLANG_WARN_ENUM_CONVERSION = YES;
				CLANG_WARN_INT_CONVERSION = YES;
				CLANG_WARN_OBJC_ROOT_CLASS = YES_ERROR;
				CLANG_WARN_UNREACHABLE_CODE = YES;
				CLANG_WARN__DUPLICATE_METHOD_MATCH = YES;
				"CODE_SIGN_IDENTITY[sdk=iphoneos*]" = "iPhone Developer";
				COPY_PHASE_STRIP = NO;
				DEBUG_INFORMATION_FORMAT = dwarf;
				ENABLE_STRICT_OBJC_MSGSEND = YES;
				ENABLE_TESTABILITY = YES;
				GCC_C_LANGUAGE_STANDARD = gnu99;
				GCC_DYNAMIC_NO_PIC = NO;
				GCC_NO_COMMON_BLOCKS = YES;
				GCC_OPTIMIZATION_LEVEL = 0;
				GCC_PREPROCESSOR_DEFINITIONS = (
					"DEBUG=1",
					"$(inherited)",
				);
				GCC_WARN_64_TO_32_BIT_CONVERSION = YES;
				GCC_WARN_ABOUT_RETURN_TYPE = YES_ERROR;
				GCC_WARN_UNDECLARED_SELECTOR = YES;
				GCC_WARN_UNINITIALIZED_AUTOS = YES_AGGRESSIVE;
				GCC_WARN_UNUSED_FUNCTION = YES;
				GCC_WARN_UNUSED_VARIABLE = YES;
				IPHONEOS_DEPLOYMENT_TARGET = 9.3;
				MTL_ENABLE_DEBUG_INFO = YES;
				ONLY_ACTIVE_ARCH = YES;
				SDKROOT = iphoneos;
				SWIFT_OPTIMIZATION_LEVEL = "-Onone";
			};
			name = Debug;
		};
		0BBF8F711CC71B18005209F4 /* Release */ = {
			isa = XCBuildConfiguration;
			buildSettings = {
				ALWAYS_SEARCH_USER_PATHS = NO;
				CLANG_ANALYZER_NONNULL = YES;
				CLANG_CXX_LANGUAGE_STANDARD = "gnu++0x";
				CLANG_CXX_LIBRARY = "libc++";
				CLANG_ENABLE_MODULES = YES;
				CLANG_ENABLE_OBJC_ARC = YES;
				CLANG_WARN_BOOL_CONVERSION = YES;
				CLANG_WARN_CONSTANT_CONVERSION = YES;
				CLANG_WARN_DIRECT_OBJC_ISA_USAGE = YES_ERROR;
				CLANG_WARN_EMPTY_BODY = YES;
				CLANG_WARN_ENUM_CONVERSION = YES;
				CLANG_WARN_INT_CONVERSION = YES;
				CLANG_WARN_OBJC_ROOT_CLASS = YES_ERROR;
				CLANG_WARN_UNREACHABLE_CODE = YES;
				CLANG_WARN__DUPLICATE_METHOD_MATCH = YES;
				"CODE_SIGN_IDENTITY[sdk=iphoneos*]" = "iPhone Developer";
				COPY_PHASE_STRIP = NO;
				DEBUG_INFORMATION_FORMAT = "dwarf-with-dsym";
				ENABLE_NS_ASSERTIONS = NO;
				ENABLE_STRICT_OBJC_MSGSEND = YES;
				GCC_C_LANGUAGE_STANDARD = gnu99;
				GCC_NO_COMMON_BLOCKS = YES;
				GCC_WARN_64_TO_32_BIT_CONVERSION = YES;
				GCC_WARN_ABOUT_RETURN_TYPE = YES_ERROR;
				GCC_WARN_UNDECLARED_SELECTOR = YES;
				GCC_WARN_UNINITIALIZED_AUTOS = YES_AGGRESSIVE;
				GCC_WARN_UNUSED_FUNCTION = YES;
				GCC_WARN_UNUSED_VARIABLE = YES;
				IPHONEOS_DEPLOYMENT_TARGET = 9.3;
				MTL_ENABLE_DEBUG_INFO = NO;
				SDKROOT = iphoneos;
				VALIDATE_PRODUCT = YES;
			};
			name = Release;
		};
		0BBF8F731CC71B18005209F4 /* Debug */ = {
			isa = XCBuildConfiguration;
			baseConfigurationReference = BFF78EA8BA2476807B86F064 /* Pods.debug.xcconfig */;
			buildSettings = {
				ASSETCATALOG_COMPILER_APPICON_NAME = AppIcon;
				ASSETCATALOG_COMPILER_LAUNCHIMAGE_NAME = LaunchImage;
				CODE_SIGN_IDENTITY = "iPhone Developer";
				"CODE_SIGN_IDENTITY[sdk=iphoneos*]" = "iPhone Developer";
				INFOPLIST_FILE = "$(SRCROOT)/SwiftCSWB/Class/Other/Info.plist";
				IPHONEOS_DEPLOYMENT_TARGET = 8.4;
				LD_RUNPATH_SEARCH_PATHS = "$(inherited) @executable_path/Frameworks";
				OTHER_SWIFT_FLAGS = "-DDEBUG";
				PRODUCT_BUNDLE_IDENTIFIER = com.lcs.www.SwiftCSWB;
				PRODUCT_NAME = "$(TARGET_NAME)";
				PROVISIONING_PROFILE = "58d3e3c8-ef79-4250-99ac-aa6d090fb841";
			};
			name = Debug;
		};
		0BBF8F741CC71B18005209F4 /* Release */ = {
			isa = XCBuildConfiguration;
			baseConfigurationReference = A5A747AC572A9241EC055C87 /* Pods.release.xcconfig */;
			buildSettings = {
				ASSETCATALOG_COMPILER_APPICON_NAME = AppIcon;
				ASSETCATALOG_COMPILER_LAUNCHIMAGE_NAME = LaunchImage;
				CODE_SIGN_IDENTITY = "iPhone Developer";
				"CODE_SIGN_IDENTITY[sdk=iphoneos*]" = "iPhone Developer";
				INFOPLIST_FILE = "$(SRCROOT)/SwiftCSWB/Class/Other/Info.plist";
				IPHONEOS_DEPLOYMENT_TARGET = 8.4;
				LD_RUNPATH_SEARCH_PATHS = "$(inherited) @executable_path/Frameworks";
				OTHER_SWIFT_FLAGS = "-DRELEASE";
				PRODUCT_BUNDLE_IDENTIFIER = com.lcs.www.SwiftCSWB;
				PRODUCT_NAME = "$(TARGET_NAME)";
				PROVISIONING_PROFILE = "58d3e3c8-ef79-4250-99ac-aa6d090fb841";
			};
			name = Release;
		};
		0BBF8F761CC71B18005209F4 /* Debug */ = {
			isa = XCBuildConfiguration;
			buildSettings = {
				BUNDLE_LOADER = "$(TEST_HOST)";
				INFOPLIST_FILE = SwiftCSWBTests/Info.plist;
				LD_RUNPATH_SEARCH_PATHS = "$(inherited) @executable_path/Frameworks @loader_path/Frameworks";
				PRODUCT_BUNDLE_IDENTIFIER = com.lcs.www.SwiftCSWBTests;
				PRODUCT_NAME = "$(TARGET_NAME)";
				TEST_HOST = "$(BUILT_PRODUCTS_DIR)/SwiftCSWB.app/SwiftCSWB";
			};
			name = Debug;
		};
		0BBF8F771CC71B18005209F4 /* Release */ = {
			isa = XCBuildConfiguration;
			buildSettings = {
				BUNDLE_LOADER = "$(TEST_HOST)";
				INFOPLIST_FILE = SwiftCSWBTests/Info.plist;
				LD_RUNPATH_SEARCH_PATHS = "$(inherited) @executable_path/Frameworks @loader_path/Frameworks";
				PRODUCT_BUNDLE_IDENTIFIER = com.lcs.www.SwiftCSWBTests;
				PRODUCT_NAME = "$(TARGET_NAME)";
				TEST_HOST = "$(BUILT_PRODUCTS_DIR)/SwiftCSWB.app/SwiftCSWB";
			};
			name = Release;
		};
		0BBF8F791CC71B18005209F4 /* Debug */ = {
			isa = XCBuildConfiguration;
			buildSettings = {
				INFOPLIST_FILE = SwiftCSWBUITests/Info.plist;
				LD_RUNPATH_SEARCH_PATHS = "$(inherited) @executable_path/Frameworks @loader_path/Frameworks";
				PRODUCT_BUNDLE_IDENTIFIER = com.lcs.www.SwiftCSWBUITests;
				PRODUCT_NAME = "$(TARGET_NAME)";
				TEST_TARGET_NAME = SwiftCSWB;
			};
			name = Debug;
		};
		0BBF8F7A1CC71B18005209F4 /* Release */ = {
			isa = XCBuildConfiguration;
			buildSettings = {
				INFOPLIST_FILE = SwiftCSWBUITests/Info.plist;
				LD_RUNPATH_SEARCH_PATHS = "$(inherited) @executable_path/Frameworks @loader_path/Frameworks";
				PRODUCT_BUNDLE_IDENTIFIER = com.lcs.www.SwiftCSWBUITests;
				PRODUCT_NAME = "$(TARGET_NAME)";
				TEST_TARGET_NAME = SwiftCSWB;
			};
			name = Release;
		};
/* End XCBuildConfiguration section */

/* Begin XCConfigurationList section */
		0BBF8F451CC71B17005209F4 /* Build configuration list for PBXProject "SwiftCSWB" */ = {
			isa = XCConfigurationList;
			buildConfigurations = (
				0BBF8F701CC71B18005209F4 /* Debug */,
				0BBF8F711CC71B18005209F4 /* Release */,
			);
			defaultConfigurationIsVisible = 0;
			defaultConfigurationName = Release;
		};
		0BBF8F721CC71B18005209F4 /* Build configuration list for PBXNativeTarget "SwiftCSWB" */ = {
			isa = XCConfigurationList;
			buildConfigurations = (
				0BBF8F731CC71B18005209F4 /* Debug */,
				0BBF8F741CC71B18005209F4 /* Release */,
			);
			defaultConfigurationIsVisible = 0;
			defaultConfigurationName = Release;
		};
		0BBF8F751CC71B18005209F4 /* Build configuration list for PBXNativeTarget "SwiftCSWBTests" */ = {
			isa = XCConfigurationList;
			buildConfigurations = (
				0BBF8F761CC71B18005209F4 /* Debug */,
				0BBF8F771CC71B18005209F4 /* Release */,
			);
			defaultConfigurationIsVisible = 0;
			defaultConfigurationName = Release;
		};
		0BBF8F781CC71B18005209F4 /* Build configuration list for PBXNativeTarget "SwiftCSWBUITests" */ = {
			isa = XCConfigurationList;
			buildConfigurations = (
				0BBF8F791CC71B18005209F4 /* Debug */,
				0BBF8F7A1CC71B18005209F4 /* Release */,
			);
			defaultConfigurationIsVisible = 0;
			defaultConfigurationName = Release;
		};
/* End XCConfigurationList section */
	};
	rootObject = 0BBF8F421CC71B17005209F4 /* Project object */;
}
